// !$*UTF8*$!
{
	archiveVersion = 1;
	classes = {
	};
	objectVersion = 52;
	objects = {

/* Begin PBXBuildFile section */
		D17825FD242FC49500C5D08A /* AppDelegate.swift in Sources */ = {isa = PBXBuildFile; fileRef = D17825FC242FC49500C5D08A /* AppDelegate.swift */; };
		D17825FF242FC49500C5D08A /* SceneDelegate.swift in Sources */ = {isa = PBXBuildFile; fileRef = D17825FE242FC49500C5D08A /* SceneDelegate.swift */; };
		D1782601242FC49500C5D08A /* ViewController.swift in Sources */ = {isa = PBXBuildFile; fileRef = D1782600242FC49500C5D08A /* ViewController.swift */; };
		D1782604242FC49500C5D08A /* Main.storyboard in Resources */ = {isa = PBXBuildFile; fileRef = D1782602242FC49500C5D08A /* Main.storyboard */; };
		D1782606242FC49600C5D08A /* Assets.xcassets in Resources */ = {isa = PBXBuildFile; fileRef = D1782605242FC49600C5D08A /* Assets.xcassets */; };
		D1782609242FC49600C5D08A /* LaunchScreen.storyboard in Resources */ = {isa = PBXBuildFile; fileRef = D1782607242FC49600C5D08A /* LaunchScreen.storyboard */; };
		D1782613242FC53E00C5D08A /* Sound.mp3 in Resources */ = {isa = PBXBuildFile; fileRef = D1782612242FC53D00C5D08A /* Sound.mp3 */; };
		D1782616242FC61500C5D08A /* SlideShowMaker in Frameworks */ = {isa = PBXBuildFile; productRef = D1782615242FC61500C5D08A /* SlideShowMaker */; };
/* End PBXBuildFile section */

/* Begin PBXFileReference section */
		D17825F9242FC49500C5D08A /* SlideShowMakerExample.app */ = {isa = PBXFileReference; explicitFileType = wrapper.application; includeInIndex = 0; path = SlideShowMakerExample.app; sourceTree = BUILT_PRODUCTS_DIR; };
		D17825FC242FC49500C5D08A /* AppDelegate.swift */ = {isa = PBXFileReference; lastKnownFileType = sourcecode.swift; path = AppDelegate.swift; sourceTree = "<group>"; };
		D17825FE242FC49500C5D08A /* SceneDelegate.swift */ = {isa = PBXFileReference; lastKnownFileType = sourcecode.swift; path = SceneDelegate.swift; sourceTree = "<group>"; };
		D1782600242FC49500C5D08A /* ViewController.swift */ = {isa = PBXFileReference; lastKnownFileType = sourcecode.swift; path = ViewController.swift; sourceTree = "<group>"; };
		D1782603242FC49500C5D08A /* Base */ = {isa = PBXFileReference; lastKnownFileType = file.storyboard; name = Base; path = Base.lproj/Main.storyboard; sourceTree = "<group>"; };
		D1782605242FC49600C5D08A /* Assets.xcassets */ = {isa = PBXFileReference; lastKnownFileType = folder.assetcatalog; path = Assets.xcassets; sourceTree = "<group>"; };
		D1782608242FC49600C5D08A /* Base */ = {isa = PBXFileReference; lastKnownFileType = file.storyboard; name = Base; path = Base.lproj/LaunchScreen.storyboard; sourceTree = "<group>"; };
		D178260A242FC49600C5D08A /* Info.plist */ = {isa = PBXFileReference; lastKnownFileType = text.plist.xml; path = Info.plist; sourceTree = "<group>"; };
		D1782612242FC53D00C5D08A /* Sound.mp3 */ = {isa = PBXFileReference; lastKnownFileType = audio.mp3; path = Sound.mp3; sourceTree = "<group>"; };
/* End PBXFileReference section */

/* Begin PBXFrameworksBuildPhase section */
		D17825F6242FC49500C5D08A /* Frameworks */ = {
			isa = PBXFrameworksBuildPhase;
			buildActionMask = 2147483647;
			files = (
				D1782616242FC61500C5D08A /* SlideShowMaker in Frameworks */,
			);
			runOnlyForDeploymentPostprocessing = 0;
		};
/* End PBXFrameworksBuildPhase section */

/* Begin PBXGroup section */
		D17825F0242FC49500C5D08A = {
			isa = PBXGroup;
			children = (
				D17825FB242FC49500C5D08A /* SlideShowMakerExample */,
				D17825FA242FC49500C5D08A /* Products */,
			);
			sourceTree = "<group>";
		};
		D17825FA242FC49500C5D08A /* Products */ = {
			isa = PBXGroup;
			children = (
				D17825F9242FC49500C5D08A /* SlideShowMakerExample.app */,
			);
			name = Products;
			sourceTree = "<group>";
		};
		D17825FB242FC49500C5D08A /* SlideShowMakerExample */ = {
			isa = PBXGroup;
			children = (
				D1782612242FC53D00C5D08A /* Sound.mp3 */,
				D17825FC242FC49500C5D08A /* AppDelegate.swift */,
				D17825FE242FC49500C5D08A /* SceneDelegate.swift */,
				D1782600242FC49500C5D08A /* ViewController.swift */,
				D1782602242FC49500C5D08A /* Main.storyboard */,
				D1782605242FC49600C5D08A /* Assets.xcassets */,
				D1782607242FC49600C5D08A /* LaunchScreen.storyboard */,
				D178260A242FC49600C5D08A /* Info.plist */,
			);
			path = SlideShowMakerExample;
			sourceTree = "<group>";
		};
/* End PBXGroup section */

/* Begin PBXNativeTarget section */
		D17825F8242FC49500C5D08A /* SlideShowMakerExample */ = {
			isa = PBXNativeTarget;
			buildConfigurationList = D178260D242FC49600C5D08A /* Build configuration list for PBXNativeTarget "SlideShowMakerExample" */;
			buildPhases = (
				D17825F5242FC49500C5D08A /* Sources */,
				D17825F6242FC49500C5D08A /* Frameworks */,
				D17825F7242FC49500C5D08A /* Resources */,
			);
			buildRules = (
			);
			dependencies = (
			);
			name = SlideShowMakerExample;
			packageProductDependencies = (
				D1782615242FC61500C5D08A /* SlideShowMaker */,
			);
			productName = SlideShowMakerExample;
			productReference = D17825F9242FC49500C5D08A /* SlideShowMakerExample.app */;
			productType = "com.apple.product-type.application";
		};
/* End PBXNativeTarget section */

/* Begin PBXProject section */
		D17825F1242FC49500C5D08A /* Project object */ = {
			isa = PBXProject;
			attributes = {
				LastSwiftUpdateCheck = 1140;
				LastUpgradeCheck = 1140;
				ORGANIZATIONNAME = "Hannes Oud EPU";
				TargetAttributes = {
					D17825F8242FC49500C5D08A = {
						CreatedOnToolsVersion = 11.4;
					};
				};
			};
			buildConfigurationList = D17825F4242FC49500C5D08A /* Build configuration list for PBXProject "SlideShowMakerExample" */;
			compatibilityVersion = "Xcode 9.3";
			developmentRegion = en;
			hasScannedForEncodings = 0;
			knownRegions = (
				en,
				Base,
			);
			mainGroup = D17825F0242FC49500C5D08A;
			packageReferences = (
				D1782614242FC61500C5D08A /* XCRemoteSwiftPackageReference "SlideShowMaker" */,
			);
			productRefGroup = D17825FA242FC49500C5D08A /* Products */;
			projectDirPath = "";
			projectRoot = "";
			targets = (
				D17825F8242FC49500C5D08A /* SlideShowMakerExample */,
			);
		};
/* End PBXProject section */

/* Begin PBXResourcesBuildPhase section */
		D17825F7242FC49500C5D08A /* Resources */ = {
			isa = PBXResourcesBuildPhase;
			buildActionMask = 2147483647;
			files = (
				D1782613242FC53E00C5D08A /* Sound.mp3 in Resources */,
				D1782609242FC49600C5D08A /* LaunchScreen.storyboard in Resources */,
				D1782606242FC49600C5D08A /* Assets.xcassets in Resources */,
				D1782604242FC49500C5D08A /* Main.storyboard in Resources */,
			);
			runOnlyForDeploymentPostprocessing = 0;
		};
/* End PBXResourcesBuildPhase section */

/* Begin PBXSourcesBuildPhase section */
		D17825F5242FC49500C5D08A /* Sources */ = {
			isa = PBXSourcesBuildPhase;
			buildActionMask = 2147483647;
			files = (
				D1782601242FC49500C5D08A /* ViewController.swift in Sources */,
				D17825FD242FC49500C5D08A /* AppDelegate.swift in Sources */,
				D17825FF242FC49500C5D08A /* SceneDelegate.swift in Sources */,
			);
			runOnlyForDeploymentPostprocessing = 0;
		};
/* End PBXSourcesBuildPhase section */

/* Begin PBXVariantGroup section */
		D1782602242FC49500C5D08A /* Main.storyboard */ = {
			isa = PBXVariantGroup;
			children = (
				D1782603242FC49500C5D08A /* Base */,
			);
			name = Main.storyboard;
			sourceTree = "<group>";
		};
		D1782607242FC49600C5D08A /* LaunchScreen.storyboard */ = {
			isa = PBXVariantGroup;
			children = (
				D1782608242FC49600C5D08A /* Base */,
			);
			name = LaunchScreen.storyboard;
			sourceTree = "<group>";
		};
/* End PBXVariantGroup section */

/* Begin XCBuildConfiguration section */
		D178260B242FC49600C5D08A /* Debug */ = {
			isa = XCBuildConfiguration;
			buildSettings = {
				ALWAYS_SEARCH_USER_PATHS = NO;
				CLANG_ANALYZER_NONNULL = YES;
				CLANG_ANALYZER_NUMBER_OBJECT_CONVERSION = YES_AGGRESSIVE;
				CLANG_CXX_LANGUAGE_STANDARD = "gnu++14";
				CLANG_CXX_LIBRARY = "libc++";
				CLANG_ENABLE_MODULES = YES;
				CLANG_ENABLE_OBJC_ARC = YES;
				CLANG_ENABLE_OBJC_WEAK = YES;
				CLANG_WARN_BLOCK_CAPTURE_AUTORELEASING = YES;
				CLANG_WARN_BOOL_CONVERSION = YES;
				CLANG_WARN_COMMA = YES;
				CLANG_WARN_CONSTANT_CONVERSION = YES;
				CLANG_WARN_DEPRECATED_OBJC_IMPLEMENTATIONS = YES;
				CLANG_WARN_DIRECT_OBJC_ISA_USAGE = YES_ERROR;
				CLANG_WARN_DOCUMENTATION_COMMENTS = YES;
				CLANG_WARN_EMPTY_BODY = YES;
				CLANG_WARN_ENUM_CONVERSION = YES;
				CLANG_WARN_INFINITE_RECURSION = YES;
				CLANG_WARN_INT_CONVERSION = YES;
				CLANG_WARN_NON_LITERAL_NULL_CONVERSION = YES;
				CLANG_WARN_OBJC_IMPLICIT_RETAIN_SELF = YES;
				CLANG_WARN_OBJC_LITERAL_CONVERSION = YES;
				CLANG_WARN_OBJC_ROOT_CLASS = YES_ERROR;
				CLANG_WARN_RANGE_LOOP_ANALYSIS = YES;
				CLANG_WARN_STRICT_PROTOTYPES = YES;
				CLANG_WARN_SUSPICIOUS_MOVE = YES;
				CLANG_WARN_UNGUARDED_AVAILABILITY = YES_AGGRESSIVE;
				CLANG_WARN_UNREACHABLE_CODE = YES;
				CLANG_WARN__DUPLICATE_METHOD_MATCH = YES;
				COPY_PHASE_STRIP = NO;
				DEBUG_INFORMATION_FORMAT = dwarf;
				ENABLE_STRICT_OBJC_MSGSEND = YES;
				ENABLE_TESTABILITY = YES;
				GCC_C_LANGUAGE_STANDARD = gnu11;
				GCC_DYNAMIC_NO_PIC = NO;
				GCC_NO_COMMON_BLOCKS = YES;
				GCC_OPTIMIZATION_LEVEL = 0;
				GCC_PREPROCESSOR_DEFINITIONS = (
					"DEBUG=1",
					"$(inherited)",
				);
				GCC_WARN_64_TO_32_BIT_CONVERSION = YES;
				GCC_WARN_ABOUT_RETURN_TYPE = YES_ERROR;
				GCC_WARN_UNDECLARED_SELECTOR = YES;
				GCC_WARN_UNINITIALIZED_AUTOS = YES_AGGRESSIVE;
				GCC_WARN_UNUSED_FUNCTION = YES;
				GCC_WARN_UNUSED_VARIABLE = YES;
				IPHONEOS_DEPLOYMENT_TARGET = 13.4;
				MTL_ENABLE_DEBUG_INFO = INCLUDE_SOURCE;
				MTL_FAST_MATH = YES;
				ONLY_ACTIVE_ARCH = YES;
				SDKROOT = iphoneos;
				SWIFT_ACTIVE_COMPILATION_CONDITIONS = DEBUG;
				SWIFT_OPTIMIZATION_LEVEL = "-Onone";
			};
			name = Debug;
		};
		D178260C242FC49600C5D08A /* Release */ = {
			isa = XCBuildConfiguration;
			buildSettings = {
				ALWAYS_SEARCH_USER_PATHS = NO;
				CLANG_ANALYZER_NONNULL = YES;
				CLANG_ANALYZER_NUMBER_OBJECT_CONVERSION = YES_AGGRESSIVE;
				CLANG_CXX_LANGUAGE_STANDARD = "gnu++14";
				CLANG_CXX_LIBRARY = "libc++";
				CLANG_ENABLE_MODULES = YES;
				CLANG_ENABLE_OBJC_ARC = YES;
				CLANG_ENABLE_OBJC_WEAK = YES;
				CLANG_WARN_BLOCK_CAPTURE_AUTORELEASING = YES;
				CLANG_WARN_BOOL_CONVERSION = YES;
				CLANG_WARN_COMMA = YES;
				CLANG_WARN_CONSTANT_CONVERSION = YES;
				CLANG_WARN_DEPRECATED_OBJC_IMPLEMENTATIONS = YES;
				CLANG_WARN_DIRECT_OBJC_ISA_USAGE = YES_ERROR;
				CLANG_WARN_DOCUMENTATION_COMMENTS = YES;
				CLANG_WARN_EMPTY_BODY = YES;
				CLANG_WARN_ENUM_CONVERSION = YES;
				CLANG_WARN_INFINITE_RECURSION = YES;
				CLANG_WARN_INT_CONVERSION = YES;
				CLANG_WARN_NON_LITERAL_NULL_CONVERSION = YES;
				CLANG_WARN_OBJC_IMPLICIT_RETAIN_SELF = YES;
				CLANG_WARN_OBJC_LITERAL_CONVERSION = YES;
				CLANG_WARN_OBJC_ROOT_CLASS = YES_ERROR;
				CLANG_WARN_RANGE_LOOP_ANALYSIS = YES;
				CLANG_WARN_STRICT_PROTOTYPES = YES;
				CLANG_WARN_SUSPICIOUS_MOVE = YES;
				CLANG_WARN_UNGUARDED_AVAILABILITY = YES_AGGRESSIVE;
				CLANG_WARN_UNREACHABLE_CODE = YES;
				CLANG_WARN__DUPLICATE_METHOD_MATCH = YES;
				COPY_PHASE_STRIP = NO;
				DEBUG_INFORMATION_FORMAT = "dwarf-with-dsym";
				ENABLE_NS_ASSERTIONS = NO;
				ENABLE_STRICT_OBJC_MSGSEND = YES;
				GCC_C_LANGUAGE_STANDARD = gnu11;
				GCC_NO_COMMON_BLOCKS = YES;
				GCC_WARN_64_TO_32_BIT_CONVERSION = YES;
				GCC_WARN_ABOUT_RETURN_TYPE = YES_ERROR;
				GCC_WARN_UNDECLARED_SELECTOR = YES;
				GCC_WARN_UNINITIALIZED_AUTOS = YES_AGGRESSIVE;
				GCC_WARN_UNUSED_FUNCTION = YES;
				GCC_WARN_UNUSED_VARIABLE = YES;
				IPHONEOS_DEPLOYMENT_TARGET = 13.4;
				MTL_ENABLE_DEBUG_INFO = NO;
				MTL_FAST_MATH = YES;
				SDKROOT = iphoneos;
				SWIFT_COMPILATION_MODE = wholemodule;
				SWIFT_OPTIMIZATION_LEVEL = "-O";
				VALIDATE_PRODUCT = YES;
			};
			name = Release;
		};
		D178260E242FC49600C5D08A /* Debug */ = {
			isa = XCBuildConfiguration;
			buildSettings = {
				ASSETCATALOG_COMPILER_APPICON_NAME = AppIcon;
				CODE_SIGN_STYLE = Automatic;
				DEVELOPMENT_TEAM = DTJ8KR7BUK;
				INFOPLIST_FILE = SlideShowMakerExample/Info.plist;
				LD_RUNPATH_SEARCH_PATHS = (
					"$(inherited)",
					"@executable_path/Frameworks",
				);
				PRODUCT_BUNDLE_IDENTIFIER = at.hannesoid.SlideShowMakerExample;
				PRODUCT_NAME = "$(TARGET_NAME)";
				SWIFT_VERSION = 5.0;
				TARGETED_DEVICE_FAMILY = "1,2";
			};
			name = Debug;
		};
		D178260F242FC49600C5D08A /* Release */ = {
			isa = XCBuildConfiguration;
			buildSettings = {
				ASSETCATALOG_COMPILER_APPICON_NAME = AppIcon;
				CODE_SIGN_STYLE = Automatic;
				DEVELOPMENT_TEAM = DTJ8KR7BUK;
				INFOPLIST_FILE = SlideShowMakerExample/Info.plist;
				LD_RUNPATH_SEARCH_PATHS = (
					"$(inherited)",
					"@executable_path/Frameworks",
				);
				PRODUCT_BUNDLE_IDENTIFIER = at.hannesoid.SlideShowMakerExample;
				PRODUCT_NAME = "$(TARGET_NAME)";
				SWIFT_VERSION = 5.0;
				TARGETED_DEVICE_FAMILY = "1,2";
			};
			name = Release;
		};
/* End XCBuildConfiguration section */

/* Begin XCConfigurationList section */
		D17825F4242FC49500C5D08A /* Build configuration list for PBXProject "SlideShowMakerExample" */ = {
			isa = XCConfigurationList;
			buildConfigurations = (
				D178260B242FC49600C5D08A /* Debug */,
				D178260C242FC49600C5D08A /* Release */,
			);
			defaultConfigurationIsVisible = 0;
			defaultConfigurationName = Release;
		};
		D178260D242FC49600C5D08A /* Build configuration list for PBXNativeTarget "SlideShowMakerExample" */ = {
			isa = XCConfigurationList;
			buildConfigurations = (
				D178260E242FC49600C5D08A /* Debug */,
				D178260F242FC49600C5D08A /* Release */,
			);
			defaultConfigurationIsVisible = 0;
			defaultConfigurationName = Release;
		};
/* End XCConfigurationList section */

/* Begin XCRemoteSwiftPackageReference section */
		D1782614242FC61500C5D08A /* XCRemoteSwiftPackageReference "SlideShowMaker" */ = {
			isa = XCRemoteSwiftPackageReference;
			repositoryURL = "git@github.com:hannesoid/SlideShowMaker.git";
			requirement = {
				branch = master;
				kind = branch;
			};
		};
/* End XCRemoteSwiftPackageReference section */

/* Begin XCSwiftPackageProductDependency section */
		D1782615242FC61500C5D08A /* SlideShowMaker */ = {
			isa = XCSwiftPackageProductDependency;
			package = D1782614242FC61500C5D08A /* XCRemoteSwiftPackageReference "SlideShowMaker" */;
			productName = SlideShowMaker;
		};
/* End XCSwiftPackageProductDependency section */
	};
	rootObject = D17825F1242FC49500C5D08A /* Project object */;
}
